
Microsoft Visual Studio Solution File, Format Version 12.00
# Visual Studio Version 16
VisualStudioVersion = 16.0.30413.136
MinimumVisualStudioVersion = 10.0.40219.1
Project("{FAE04EC0-301F-11D3-BF4B-00C04F79EFBC}") = "App17", "App17\App17.csproj", "{2EE1955F-2069-45B4-8211-4BBC26679F9F}"
EndProject
Global
	GlobalSection(SolutionConfigurationPlatforms) = preSolution
		Debug|iPhone = Debug|iPhone
		Debug|iPhoneSimulator = Debug|iPhoneSimulator
		Release|iPhone = Release|iPhone
		Release|iPhoneSimulator = Release|iPhoneSimulator
	EndGlobalSection
	GlobalSection(ProjectConfigurationPlatforms) = postSolution
		{2EE1955F-2069-45B4-8211-4BBC26679F9F}.Debug|iPhone.ActiveCfg = Debug|iPhone
		{2EE1955F-2069-45B4-8211-4BBC26679F9F}.Debug|iPhone.Build.0 = Debug|iPhone
		{2EE1955F-2069-45B4-8211-4BBC26679F9F}.Debug|iPhone.Deploy.0 = Debug|iPhone
		{2EE1955F-2069-45B4-8211-4BBC26679F9F}.Debug|iPhoneSimulator.ActiveCfg = Debug|iPhoneSimulator
		{2EE1955F-2069-45B4-8211-4BBC26679F9F}.Debug|iPhoneSimulator.Build.0 = Debug|iPhoneSimulator
		{2EE1955F-2069-45B4-8211-4BBC26679F9F}.Debug|iPhoneSimulator.Deploy.0 = Debug|iPhoneSimulator
		{2EE1955F-2069-45B4-8211-4BBC26679F9F}.Release|iPhone.ActiveCfg = Release|iPhone
		{2EE1955F-2069-45B4-8211-4BBC26679F9F}.Release|iPhone.Build.0 = Release|iPhone
		{2EE1955F-2069-45B4-8211-4BBC26679F9F}.Release|iPhone.Deploy.0 = Release|iPhone
		{2EE1955F-2069-45B4-8211-4BBC26679F9F}.Release|iPhoneSimulator.ActiveCfg = Release|iPhoneSimulator
		{2EE1955F-2069-45B4-8211-4BBC26679F9F}.Release|iPhoneSimulator.Build.0 = Release|iPhoneSimulator
		{2EE1955F-2069-45B4-8211-4BBC26679F9F}.Release|iPhoneSimulator.Deploy.0 = Release|iPhoneSimulator
	EndGlobalSection
	GlobalSection(SolutionProperties) = preSolution
		HideSolutionNode = FALSE
	EndGlobalSection
	GlobalSection(ExtensibilityGlobals) = postSolution
		SolutionGuid = {014DBF78-AFB2-4512-A471-9C14471DD83C}
	EndGlobalSection
EndGlobal
